# THIS IS AN AUTOGENERATED FILE. DO NOT EDIT THIS FILE DIRECTLY.
# yarn lockfile v1


alawmulaw@^5.0.2:
  version "5.0.2"
  resolved "https://registry.yarnpkg.com/alawmulaw/-/alawmulaw-5.0.2.tgz#885a914933e3f3bc0bdd67534af669a20f17d4aa"
  integrity sha512-W3bWBB7MwTNGALlAKbOxe+tMNW9DpqGsv1V1idGPzctnBH++eS+Dx3UuucHNe5nk38WvAuy0sgMAbS5idHCArw==

applest-atem@^0.2.4:
  version "0.2.4"
  resolved "https://registry.yarnpkg.com/applest-atem/-/applest-atem-0.2.4.tgz#c01c9da21fe17f5dcb9b5e4809acadce8315e8e6"
  integrity sha1-wBydoh/hf13Lm15ICaytzoMV6OY=
  dependencies:
    async "^1.3.0"
    pngjs "^2.3.1"

async@^1.3.0:
  version "1.5.2"
  resolved "https://registry.yarnpkg.com/async/-/async-1.5.2.tgz#ec6a61ae56480c0c3cb241c95618e20892f9672a"
  integrity sha1-7GphrlZIDAw8skHJVhjiCJL5Zyo=

atem-connection@^2.2.2:
  version "2.2.2"
  resolved "https://registry.yarnpkg.com/atem-connection/-/atem-connection-2.2.2.tgz#3814ddeed30b560d808e501e5450e2f0dc25f733"
  integrity sha512-p/Diwsjymv1y7FvBzDSY4Yq06+8vZ03QEoxrcoFlNrYI6WCsCt64MeoBAQu5TEExGXLwffksQyyXbQUOEU4qNw==
  dependencies:
    big-integer "^1.6.48"
    eventemitter3 "^4.0.4"
    exit-hook "^2.0.0"
    nanotimer "^0.3.15"
    threadedclass "^0.8.0"
    tslib "^1.13.0"
    wavefile "^8.4.4"

base64-arraybuffer-es6@^0.3.1:
  version "0.3.1"
  resolved "https://registry.yarnpkg.com/base64-arraybuffer-es6/-/base64-arraybuffer-es6-0.3.1.tgz#fdf0e382f4e2f56caf881f48ee0ce01ae79afe48"
  integrity sha512-TrhBheudYaff9adiTAqjSScjvtmClQ4vF9l4cqkPNkVsA11m4/NRdH4LkZ/tAMmpzzwfI20BXnJ/PTtafECCNA==

big-integer@^1.6.48:
  version "1.6.48"
  resolved "https://registry.yarnpkg.com/big-integer/-/big-integer-1.6.48.tgz#8fd88bd1632cba4a1c8c3e3d7159f08bb95b4b9e"
  integrity sha512-j51egjPa7/i+RdiRuJbPdJ2FIUYYPhvYLjzoYbcMMm62ooO6F94fETG4MTs46zPAF9Brs04OajboA/qTGuz78w==

bindings@~1.5.0:
  version "1.5.0"
  resolved "https://registry.yarnpkg.com/bindings/-/bindings-1.5.0.tgz#10353c9e945334bc0511a6d90b38fbc7c9c504df"
  integrity sha512-p2q/t/mhvuOj/UeLlV6566GD/guowlr0hHxClI0W9m7MWYkL1F0hLo+0Aexs9HSPCtR1SXQ0TD3MMKrXZajbiQ==
  dependencies:
    file-uri-to-path "1.0.0"

binpack@~0:
  version "0.1.0"
  resolved "https://registry.yarnpkg.com/binpack/-/binpack-0.1.0.tgz#bd3d0974c3f2a0446e17df4f60b55a72a205a97e"
  integrity sha1-vT0JdMPyoERuF99PYLVacqIFqX4=

bitdepth@^7.0.2:
  version "7.0.2"
  resolved "https://registry.yarnpkg.com/bitdepth/-/bitdepth-7.0.2.tgz#d9290de0e4b44ce5fc0c29f813c8f49fbdfa2eeb"
  integrity sha512-Ed11TL4IIWyUEoQTfkbRBDCgDNurxYzFgmk30ZU6SgNCsysoEx7UMm+g7SDFHxA2lhLbWyjV8T1ab3z0BtYOAw==

byte-data@^16.0.3:
  version "16.0.3"
  resolved "https://registry.yarnpkg.com/byte-data/-/byte-data-16.0.3.tgz#8abb3e212c9b026790a28c2d6c22fdc0515fd49d"
  integrity sha512-IzV3mzv8OnnzPdb9CoESQr2ikPX/gkHUesRu+vff9XB7KwMxyflPDewtPFWXPvF+Xukl52ceor2IRLbnQZf3PQ==
  dependencies:
    endianness "^8.0.2"
    ieee754-buffer "^0.2.1"
    twos-complement-buffer "0.0.1"
    uint-buffer "^0.1.0"
    utf8-buffer "^0.2.0"

callsites@^3.1.0:
  version "3.1.0"
  resolved "https://registry.yarnpkg.com/callsites/-/callsites-3.1.0.tgz#b3630abd8943432f54b3f0519238e33cd7df2f73"
  integrity sha512-P8BjAsXvZS+VIDUI11hHCQEv74YT67YUi5JJFNWIqL235sBmjX4+qx9Muvls5ivyNENctx46xQLQ3aTuE7ssaQ==

endianness@^8.0.2:
  version "8.0.2"
  resolved "https://registry.yarnpkg.com/endianness/-/endianness-8.0.2.tgz#e35d16bbe80b6ff94fbc199168dd234d9f78168e"
  integrity sha512-IU+77+jJ7lpw2qZ3NUuqBZFy3GuioNgXUdsL1L9tooDNTaw0TgOnwNuc+8Ns+haDaTifK97QLzmOANJtI/rGvw==

eventemitter3@^4.0.4:
  version "4.0.7"
  resolved "https://registry.yarnpkg.com/eventemitter3/-/eventemitter3-4.0.7.tgz#2de9b68f6528d5644ef5c59526a1b4a07306169f"
  integrity sha512-8guHBZCwKnFhYdHr2ysuRWErTwhoN2X8XELRlrRwpmfeY2jjuUN4taQMsULKUVo1K4DvZl+0pgfyoysHxvmvEw==

exit-hook@^2.0.0:
  version "2.2.1"
  resolved "https://registry.yarnpkg.com/exit-hook/-/exit-hook-2.2.1.tgz#007b2d92c6428eda2b76e7016a34351586934593"
  integrity sha512-eNTPlAD67BmP31LDINZ3U7HSF8l57TxOY2PmBJ1shpCvpnxBF93mWCE8YHBnXs8qiUZJc9WDcWIeC3a2HIAMfw==

file-uri-to-path@1.0.0:
  version "1.0.0"
  resolved "https://registry.yarnpkg.com/file-uri-to-path/-/file-uri-to-path-1.0.0.tgz#553a7b8446ff6f684359c445f1e37a05dacc33dd"
  integrity sha512-0Zt+s3L7Vf1biwWZ29aARiVYLx7iMGnEUl9x33fbB/j3jR81u/O2LbqK+Bm1CDSNDKVtJ/YjwY7TUd5SkeLQLw==

ieee754-buffer@^0.2.1:
  version "0.2.1"
  resolved "https://registry.yarnpkg.com/ieee754-buffer/-/ieee754-buffer-0.2.1.tgz#7e0d7d381d228de949f06b71f1cfd971691271f6"
  integrity sha512-dDlJhYk8BAmH1HDncTjCt6xOm2+kT+MxGhRKB+mUoF8nocDzPAgZPEWTRI9QgkGvbDkbJgCqyxweGlIV0yhbUQ==

imaadpcm@^4.1.2:
  version "4.1.2"
  resolved "https://registry.yarnpkg.com/imaadpcm/-/imaadpcm-4.1.2.tgz#8757742610004bc2aba1181919f899abd6a9b413"
  integrity sha512-7gwxe6lKCGitmkMtGbm1ecnt0Q59KcWwo7AVi2RAd3lQ9VghVN5zX5x3oK6xNhfD9KUMbaYzku43UBn3Ix3RIA==

is-running@^2.1.0:
  version "2.1.0"
  resolved "https://registry.yarnpkg.com/is-running/-/is-running-2.1.0.tgz#30a73ff5cc3854e4fc25490809e9f5abf8de09e0"
  integrity sha1-MKc/9cw4VOT8JUkICen1q/jeCeA=

jspack@0.0.4:
  version "0.0.4"
  resolved "https://registry.yarnpkg.com/jspack/-/jspack-0.0.4.tgz#32dd35c7fdcb3e3456c18fbb7ef9ed0bc6238177"
  integrity sha1-Mt01x/3LPjRWwY+7fvntC8YjgXc=

nan@^2.14.1:
  version "2.14.2"
  resolved "https://registry.yarnpkg.com/nan/-/nan-2.14.2.tgz#f5376400695168f4cc694ac9393d0c9585eeea19"
  integrity sha512-M2ufzIiINKCuDfBSAUr1vWQ+vuVcA9kqx8JJUsbQi6yf1uGRyb7HfpdfUr5qLXf3B/t8dPvcjhKMmlfnP47EzQ==

nanotimer@^0.3.15:
  version "0.3.15"
  resolved "https://registry.yarnpkg.com/nanotimer/-/nanotimer-0.3.15.tgz#280d277db9146eca6f8a570b572abaf2a9acc754"
  integrity sha1-KA0nfbkUbspvilcLVyq68qmsx1Q=

node-osc@^5.2.2:
  version "5.2.2"
  resolved "https://registry.yarnpkg.com/node-osc/-/node-osc-5.2.2.tgz#4aac48bdd460262086b09998c1c0c6c27c658baf"
  integrity sha512-8MtZyZqTZINnk+NOQZtZxl5MwOHUqc2bVapeRcwzxByB1WIHg7gOtJHbp0BElsfkrfbgeDbSSIs/JxRJYwrZ6g==
  dependencies:
    jspack "0.0.4"
    osc-min "^1.1.1"

osc-min@^1.1.1:
  version "1.1.2"
  resolved "https://registry.yarnpkg.com/osc-min/-/osc-min-1.1.2.tgz#3dcaff10f804c39b7080cf4c10fd7a4103cd9037"
  integrity sha512-8DbiO8ME85R75stgNVCZtHxB9MNBBNcyy+isNBXrsFeinXGjwNAauvKVmGlfRas5VJWC/mhzIx7spR2gFvWxvg==
  dependencies:
    binpack "~0"

pngjs@^2.3.1:
  version "2.3.1"
  resolved "https://registry.yarnpkg.com/pngjs/-/pngjs-2.3.1.tgz#11d1e12b9cb64d63e30c143a330f4c1f567da85f"
  integrity sha1-EdHhK5y2TWPjDBQ6Mw9MH1Z9qF8=

rpio@^2.4.0:
  version "2.4.2"
  resolved "https://registry.yarnpkg.com/rpio/-/rpio-2.4.2.tgz#e16d58f7937cc8b30083c3f8df051f5d9f14a1b3"
  integrity sha512-SiWw2VorgUh+0hbu6eJkRGG+luvS9BboXz6PQl8Z49kJ+8Nn7R/b4ohybLIYSMbQqcW1WYqSooadDuv1VOAiFw==
  dependencies:
    bindings "~1.5.0"
    nan "^2.14.1"

threadedclass@^0.8.0:
  version "0.8.3"
  resolved "https://registry.yarnpkg.com/threadedclass/-/threadedclass-0.8.3.tgz#ee95a7d2c4fe6ca79e7265bba9baa7c6fff83309"
  integrity sha512-cI6tVYRIIVYxFG7Nykt8NMVflrrdMvyvzAQfgAZdARdU/PaFSGd5Y7wChvJ3DXLsLiFb3datLhfn26K5DTKf+A==
  dependencies:
    callsites "^3.1.0"
    eventemitter3 "^4.0.4"
    is-running "^2.1.0"
    tslib "^1.13.0"

tslib@^1.13.0:
  version "1.14.1"
  resolved "https://registry.yarnpkg.com/tslib/-/tslib-1.14.1.tgz#cf2d38bdc34a134bcaf1091c41f6619e2f672d00"
  integrity sha512-Xni35NKzjgMrwevysHTCArtLDpPvye8zV/0E4EyYn43P7/7qvQwPh9BGkHewbMulVntbigmcT7rdX3BNo9wRJg==

twos-complement-buffer@0.0.1:
  version "0.0.1"
  resolved "https://registry.yarnpkg.com/twos-complement-buffer/-/twos-complement-buffer-0.0.1.tgz#e461a248d5c14a6d90afd031b2677f31da127d29"
  integrity sha512-Ev3p2GfB2GO8pcyb7jIvctS9RAjSZrF/K+u5s3KN00ajY11Dda2oMqI72nXaHVU7doGYNXc0mJG6exWAbmzZiA==
  dependencies:
    uint-buffer "^0.1.0"

uint-buffer@^0.1.0:
  version "0.1.0"
  resolved "https://registry.yarnpkg.com/uint-buffer/-/uint-buffer-0.1.0.tgz#35f2f59fa253d338affcdb6f377750642bd1cf59"
  integrity sha512-7xjpjCTijFIXAMxN7OMRfykpCMVfbCrlAmAt2RIlihvkHgvkNV5DBFzyc8OpIQeVpRXJkgXBwmKos4hD8DrX1g==

utf8-buffer@^0.2.0:
  version "0.2.0"
  resolved "https://registry.yarnpkg.com/utf8-buffer/-/utf8-buffer-0.2.0.tgz#a4530a606d9d2b0348456a393eaf836b62fed2f3"
  integrity sha512-DygDeOmOPQRjxnnv8LdfjoSQgG9EgJFH1m/1QcrKkDOxzoOcLLqZ2ONzRYHmiRqJYQYnAvV+zv2Wgk5tXjr4aA==

wavefile@^8.4.4:
  version "8.4.6"
  resolved "https://registry.yarnpkg.com/wavefile/-/wavefile-8.4.6.tgz#8c99809df1a344edb12839da69e588bf53c7e483"
  integrity sha512-mKvPtkXTFE3U8Uo8qJr/hCJP3booCI09vsoWY3OHrdKB+8ZefO/5/wSRZSbPSgFDB+WWn3Am3c01h/sguTYuyA==
  dependencies:
    alawmulaw "^5.0.2"
    base64-arraybuffer-es6 "^0.3.1"
    bitdepth "^7.0.2"
    byte-data "^16.0.3"
    imaadpcm "^4.1.2"
